
Microsoft Visual Studio Solution File, Format Version 12.00
# Visual Studio Version 17
VisualStudioVersion = 17.0.31912.275
MinimumVisualStudioVersion = 10.0.40219.1
Project("{FAE04EC0-301F-11D3-BF4B-00C04F79EFBC}") = "TeamFinder.Server", "TeamFinder\Server\TeamFinder.Server.csproj", "{BD430D25-BCDA-44D9-BEA4-D0648D99CA98}"
EndProject
Project("{FAE04EC0-301F-11D3-BF4B-00C04F79EFBC}") = "TeamFinder.Client", "TeamFinder\Client\TeamFinder.Client.csproj", "{CA2D98E7-5790-48F2-9ED1-F502E67407E3}"
EndProject
Project("{FAE04EC0-301F-11D3-BF4B-00C04F79EFBC}") = "TeamFinder.Shared", "TeamFinder\Shared\TeamFinder.Shared.csproj", "{ADC19A03-7F8C-4A3F-B330-1C4CB455B5DB}"
EndProject
Global
	GlobalSection(SolutionConfigurationPlatforms) = preSolution
		Debug|Any CPU = Debug|Any CPU
		Release|Any CPU = Release|Any CPU
	EndGlobalSection
	GlobalSection(ProjectConfigurationPlatforms) = postSolution
		{BD430D25-BCDA-44D9-BEA4-D0648D99CA98}.Debug|Any CPU.ActiveCfg = Debug|Any CPU
		{BD430D25-BCDA-44D9-BEA4-D0648D99CA98}.Debug|Any CPU.Build.0 = Debug|Any CPU
		{BD430D25-BCDA-44D9-BEA4-D0648D99CA98}.Release|Any CPU.ActiveCfg = Release|Any CPU
		{BD430D25-BCDA-44D9-BEA4-D0648D99CA98}.Release|Any CPU.Build.0 = Release|Any CPU
		{CA2D98E7-5790-48F2-9ED1-F502E67407E3}.Debug|Any CPU.ActiveCfg = Debug|Any CPU
		{CA2D98E7-5790-48F2-9ED1-F502E67407E3}.Debug|Any CPU.Build.0 = Debug|Any CPU
		{CA2D98E7-5790-48F2-9ED1-F502E67407E3}.Release|Any CPU.ActiveCfg = Release|Any CPU
		{CA2D98E7-5790-48F2-9ED1-F502E67407E3}.Release|Any CPU.Build.0 = Release|Any CPU
		{ADC19A03-7F8C-4A3F-B330-1C4CB455B5DB}.Debug|Any CPU.ActiveCfg = Debug|Any CPU
		{ADC19A03-7F8C-4A3F-B330-1C4CB455B5DB}.Debug|Any CPU.Build.0 = Debug|Any CPU
		{ADC19A03-7F8C-4A3F-B330-1C4CB455B5DB}.Release|Any CPU.ActiveCfg = Release|Any CPU
		{ADC19A03-7F8C-4A3F-B330-1C4CB455B5DB}.Release|Any CPU.Build.0 = Release|Any CPU
	EndGlobalSection
	GlobalSection(SolutionProperties) = preSolution
		HideSolutionNode = FALSE
	EndGlobalSection
	GlobalSection(ExtensibilityGlobals) = postSolution
		SolutionGuid = {1517B325-C0B4-4ED3-82C8-39F89DD5FA17}
	EndGlobalSection
EndGlobal
